
Microsoft Visual Studio Solution File, Format Version 12.00
# Visual Studio Version 17
VisualStudioVersion = 17.8.34316.72
MinimumVisualStudioVersion = 10.0.40219.1
Project("{8BC9CEB8-8B4A-11D0-8D11-00A0C91BC942}") = "SampleKmdf", "SampleKmdf\SampleKmdf.vcxproj", "{AF86F0D5-BA93-4EB9-89AD-48AD759D8F69}"
EndProject
Global
	GlobalSection(SolutionConfigurationPlatforms) = preSolution
		Debug|ARM64 = Debug|ARM64
		Debug|x64 = Debug|x64
		Release|ARM64 = Release|ARM64
		Release|x64 = Release|x64
	EndGlobalSection
	GlobalSection(ProjectConfigurationPlatforms) = postSolution
		{AF86F0D5-BA93-4EB9-89AD-48AD759D8F69}.Debug|ARM64.ActiveCfg = Debug|ARM64
		{AF86F0D5-BA93-4EB9-89AD-48AD759D8F69}.Debug|ARM64.Build.0 = Debug|ARM64
		{AF86F0D5-BA93-4EB9-89AD-48AD759D8F69}.Debug|ARM64.Deploy.0 = Debug|ARM64
		{AF86F0D5-BA93-4EB9-89AD-48AD759D8F69}.Debug|x64.ActiveCfg = Debug|x64
		{AF86F0D5-BA93-4EB9-89AD-48AD759D8F69}.Debug|x64.Build.0 = Debug|x64
		{AF86F0D5-BA93-4EB9-89AD-48AD759D8F69}.Debug|x64.Deploy.0 = Debug|x64
		{AF86F0D5-BA93-4EB9-89AD-48AD759D8F69}.Release|ARM64.ActiveCfg = Release|ARM64
		{AF86F0D5-BA93-4EB9-89AD-48AD759D8F69}.Release|ARM64.Build.0 = Release|ARM64
		{AF86F0D5-BA93-4EB9-89AD-48AD759D8F69}.Release|ARM64.Deploy.0 = Release|ARM64
		{AF86F0D5-BA93-4EB9-89AD-48AD759D8F69}.Release|x64.ActiveCfg = Release|x64
		{AF86F0D5-BA93-4EB9-89AD-48AD759D8F69}.Release|x64.Build.0 = Release|x64
		{AF86F0D5-BA93-4EB9-89AD-48AD759D8F69}.Release|x64.Deploy.0 = Release|x64
	EndGlobalSection
	GlobalSection(SolutionProperties) = preSolution
		HideSolutionNode = FALSE
	EndGlobalSection
	GlobalSection(ExtensibilityGlobals) = postSolution
		SolutionGuid = {5AC975CC-2CAD-4DC9-943B-D330B8BB61F1}
	EndGlobalSection
EndGlobal
